
Microsoft Visual Studio Solution File, Format Version 12.00
# Visual Studio Version 17
VisualStudioVersion = 17.5.33530.505
MinimumVisualStudioVersion = 10.0.40219.1
Project("{FAE04EC0-301F-11D3-BF4B-00C04F79EFBC}") = "SpritkostenRechner", "SpritkostenRechner.csproj", "{504F3656-CF81-4345-955A-C8FB58FAA043}"
EndProject
Global
	GlobalSection(SolutionConfigurationPlatforms) = preSolution
		Debug|Any CPU = Debug|Any CPU
		Release|Any CPU = Release|Any CPU
	EndGlobalSection
	GlobalSection(ProjectConfigurationPlatforms) = postSolution
		{504F3656-CF81-4345-955A-C8FB58FAA043}.Debug|Any CPU.ActiveCfg = Debug|Any CPU
		{504F3656-CF81-4345-955A-C8FB58FAA043}.Debug|Any CPU.Build.0 = Debug|Any CPU
		{504F3656-CF81-4345-955A-C8FB58FAA043}.Debug|Any CPU.Deploy.0 = Debug|Any CPU
		{504F3656-CF81-4345-955A-C8FB58FAA043}.Release|Any CPU.ActiveCfg = Release|Any CPU
		{504F3656-CF81-4345-955A-C8FB58FAA043}.Release|Any CPU.Build.0 = Release|Any CPU
		{504F3656-CF81-4345-955A-C8FB58FAA043}.Release|Any CPU.Deploy.0 = Release|Any CPU
	EndGlobalSection
	GlobalSection(SolutionProperties) = preSolution
		HideSolutionNode = FALSE
	EndGlobalSection
	GlobalSection(ExtensibilityGlobals) = postSolution
		SolutionGuid = {0CD711A2-AD44-4400-8CD4-3BC4D44D337C}
	EndGlobalSection
EndGlobal
